# THIS IS AN AUTOGENERATED FILE. DO NOT EDIT THIS FILE DIRECTLY.
# yarn lockfile v1


"@popperjs/core@^2.11.2", "@popperjs/core@^2.9.3":
  version "2.11.8"
  resolved "https://registry.yarnpkg.com/@popperjs/core/-/core-2.11.8.tgz#6b79032e760a0899cd4204710beede972a3a185f"
  integrity sha512-P1st0aksCrn9sGZhp8GMYwBnQsbvAWsZAX44oXNNvLHGqAOcoVxmjZiohstwQ7SqKnbR47akdNi+uleWD8+g6A==

"@stimulus-components/popover@^7.0.0":
  version "7.0.0"
  resolved "https://registry.yarnpkg.com/@stimulus-components/popover/-/popover-7.0.0.tgz#0bd6b802536f4369ed953e8cf649495545b4b03c"
  integrity sha512-GRO/vP5XfWs/JXFqnyW3cSNWMLGh5MTrwwoQ/uBOgzVEU6P5zoAIGhOQixJ+nZeOWW6cW6hy/zh2pwUgJ345uQ==

"@stimulus-components/reveal@^5.0.0":
  version "5.0.0"
  resolved "https://registry.yarnpkg.com/@stimulus-components/reveal/-/reveal-5.0.0.tgz#87a17b91f8a556e3f3975740ebb3e760aea6fafc"
  integrity sha512-0ShvvDiG4qNLyFUTDrjGiR9MWR6D9EiAJRUSKxTPHA5Cc2Ci/A4Qj7cHDCoK2ZGHhpESfK0LsR9xtySCN6FTQw==

flowbite@^2.3.0:
  version "2.3.0"
  resolved "https://registry.yarnpkg.com/flowbite/-/flowbite-2.3.0.tgz#0730e35d8b0d1dcdea26bb27d848bd9c0141cde1"
  integrity sha512-pm3JRo8OIJHGfFYWgaGpPv8E+UdWy0Z3gEAGufw+G/1dusaU/P1zoBLiQpf2/+bYAi+GBQtPVG86KYlV0W+AFQ==
  dependencies:
    "@popperjs/core" "^2.9.3"
    mini-svg-data-uri "^1.4.3"

mini-svg-data-uri@^1.4.3:
  version "1.4.4"
  resolved "https://registry.yarnpkg.com/mini-svg-data-uri/-/mini-svg-data-uri-1.4.4.tgz#8ab0aabcdf8c29ad5693ca595af19dd2ead09939"
  integrity sha512-r9deDe9p5FJUPZAk3A59wGH7Ii9YrjjWw0jmw/liSbHl2CHiyXj6FcDXDu2K3TjVAXqiJdaw3xxwlZZr9E6nHg==

preline@^2.1.0:
  version "2.1.0"
  resolved "https://registry.yarnpkg.com/preline/-/preline-2.1.0.tgz#6ab006c11379a03b380d341b7b5b6f827baebc40"
  integrity sha512-7pwrGNPVfGYUv1XHW9i49ejowIVHCDTx8JvbM43hapLi1GCjj9NnAZmTKupxaROboB4Nvp2x0ADBVKAhpmZppA==
  dependencies:
    "@popperjs/core" "^2.11.2"
